
Microsoft Visual Studio Solution File, Format Version 12.00
# Visual Studio Version 17
VisualStudioVersion = 17.7.34031.279
MinimumVisualStudioVersion = 10.0.40219.1
Project("{FAE04EC0-301F-11D3-BF4B-00C04F79EFBC}") = "VL_GreenAcidPipe", "VL_GreenAcidPipe\VL_GreenAcidPipe.csproj", "{28FD4583-FF45-4340-904C-3EA59B9FCDD5}"
EndProject
Global
	GlobalSection(SolutionConfigurationPlatforms) = preSolution
		Debug|Any CPU = Debug|Any CPU
		Release|Any CPU = Release|Any CPU
	EndGlobalSection
	GlobalSection(ProjectConfigurationPlatforms) = postSolution
		{28FD4583-FF45-4340-904C-3EA59B9FCDD5}.Debug|Any CPU.ActiveCfg = Debug|Any CPU
		{28FD4583-FF45-4340-904C-3EA59B9FCDD5}.Debug|Any CPU.Build.0 = Debug|Any CPU
		{28FD4583-FF45-4340-904C-3EA59B9FCDD5}.Release|Any CPU.ActiveCfg = Release|Any CPU
		{28FD4583-FF45-4340-904C-3EA59B9FCDD5}.Release|Any CPU.Build.0 = Release|Any CPU
	EndGlobalSection
	GlobalSection(SolutionProperties) = preSolution
		HideSolutionNode = FALSE
	EndGlobalSection
	GlobalSection(ExtensibilityGlobals) = postSolution
		SolutionGuid = {BD135698-F6CF-41CC-BED2-723520E5F9B6}
	EndGlobalSection
EndGlobal
